
Microsoft Visual Studio Solution File, Format Version 12.00
# Visual Studio Version 16
VisualStudioVersion = 16.0.29920.165
MinimumVisualStudioVersion = 10.0.40219.1
Project("{9A19103F-16F7-4668-BE54-9A1E7A4F7556}") = "DomainModels", "DomainModels\DomainModels.csproj", "{A12BD895-79E3-48C9-AAB4-98470F472011}"
EndProject
Project("{9A19103F-16F7-4668-BE54-9A1E7A4F7556}") = "DataAccessLayer", "DataAccessLayer\DataAccessLayer.csproj", "{24F018DF-2329-4806-927F-862B6785AFF7}"
EndProject
Project("{9A19103F-16F7-4668-BE54-9A1E7A4F7556}") = "BussinessLogicLayer", "BussinessLogicLayer\BussinessLogicLayer.csproj", "{E2689FD4-29AE-4B83-A38C-5836A4A90653}"
EndProject
Project("{9A19103F-16F7-4668-BE54-9A1E7A4F7556}") = "ContainerLayer", "ContainerLayer\ContainerLayer.csproj", "{D4BF10F4-D40F-4D7E-AB11-AF78F7CD5179}"
EndProject
Project("{FAE04EC0-301F-11D3-BF4B-00C04F79EFBC}") = "ITS-Task-Web", "ITS-Task-Web\ITS-Task-Web.csproj", "{7A26EF9A-5C46-42F9-B5BE-B6AE5B103E70}"
EndProject
Global
	GlobalSection(SolutionConfigurationPlatforms) = preSolution
		Debug|Any CPU = Debug|Any CPU
		Release|Any CPU = Release|Any CPU
	EndGlobalSection
	GlobalSection(ProjectConfigurationPlatforms) = postSolution
		{A12BD895-79E3-48C9-AAB4-98470F472011}.Debug|Any CPU.ActiveCfg = Debug|Any CPU
		{A12BD895-79E3-48C9-AAB4-98470F472011}.Debug|Any CPU.Build.0 = Debug|Any CPU
		{A12BD895-79E3-48C9-AAB4-98470F472011}.Release|Any CPU.ActiveCfg = Release|Any CPU
		{A12BD895-79E3-48C9-AAB4-98470F472011}.Release|Any CPU.Build.0 = Release|Any CPU
		{24F018DF-2329-4806-927F-862B6785AFF7}.Debug|Any CPU.ActiveCfg = Debug|Any CPU
		{24F018DF-2329-4806-927F-862B6785AFF7}.Debug|Any CPU.Build.0 = Debug|Any CPU
		{24F018DF-2329-4806-927F-862B6785AFF7}.Release|Any CPU.ActiveCfg = Release|Any CPU
		{24F018DF-2329-4806-927F-862B6785AFF7}.Release|Any CPU.Build.0 = Release|Any CPU
		{E2689FD4-29AE-4B83-A38C-5836A4A90653}.Debug|Any CPU.ActiveCfg = Debug|Any CPU
		{E2689FD4-29AE-4B83-A38C-5836A4A90653}.Debug|Any CPU.Build.0 = Debug|Any CPU
		{E2689FD4-29AE-4B83-A38C-5836A4A90653}.Release|Any CPU.ActiveCfg = Release|Any CPU
		{E2689FD4-29AE-4B83-A38C-5836A4A90653}.Release|Any CPU.Build.0 = Release|Any CPU
		{D4BF10F4-D40F-4D7E-AB11-AF78F7CD5179}.Debug|Any CPU.ActiveCfg = Debug|Any CPU
		{D4BF10F4-D40F-4D7E-AB11-AF78F7CD5179}.Debug|Any CPU.Build.0 = Debug|Any CPU
		{D4BF10F4-D40F-4D7E-AB11-AF78F7CD5179}.Release|Any CPU.ActiveCfg = Release|Any CPU
		{D4BF10F4-D40F-4D7E-AB11-AF78F7CD5179}.Release|Any CPU.Build.0 = Release|Any CPU
		{7A26EF9A-5C46-42F9-B5BE-B6AE5B103E70}.Debug|Any CPU.ActiveCfg = Debug|Any CPU
		{7A26EF9A-5C46-42F9-B5BE-B6AE5B103E70}.Debug|Any CPU.Build.0 = Debug|Any CPU
		{7A26EF9A-5C46-42F9-B5BE-B6AE5B103E70}.Release|Any CPU.ActiveCfg = Release|Any CPU
		{7A26EF9A-5C46-42F9-B5BE-B6AE5B103E70}.Release|Any CPU.Build.0 = Release|Any CPU
	EndGlobalSection
	GlobalSection(SolutionProperties) = preSolution
		HideSolutionNode = FALSE
	EndGlobalSection
	GlobalSection(ExtensibilityGlobals) = postSolution
		SolutionGuid = {DBD41DED-5148-44C6-964D-14A9A1BC1E95}
	EndGlobalSection
EndGlobal
